Microsoft Visual Studio Solution File, Format Version 12.00
# Visual Studio Version 16
VisualStudioVersion = 16.0.0.0
MinimumVisualStudioVersion = 16.0.0.0
Project("{9A19103F-16F7-4668-BE54-9A1E7A4F7556}") = "BlazorAppTailwind", "BlazorAppTailwind\BlazorAppTailwind.csproj", "{BC33C8C4-4961-4A97-A229-F67761AAAD66}"
EndProject
Project("{9A19103F-16F7-4668-BE54-9A1E7A4F7556}") = "BlazorAppTailwind.Client", "BlazorAppTailwind.Client\BlazorAppTailwind.Client.csproj", "{955D8762-0EB2-4DD2-AFB7-D115F6C573EA}"
EndProject
Global
	GlobalSection(SolutionConfigurationPlatforms) = preSolution
		Debug|Any CPU = Debug|Any CPU
		Debug|x64 = Debug|x64
		Debug|x86 = Debug|x86
		Release|Any CPU = Release|Any CPU
		Release|x64 = Release|x64
		Release|x86 = Release|x86
	EndGlobalSection
	GlobalSection(ProjectConfigurationPlatforms) = postSolution
		{955D8762-0EB2-4DD2-AFB7-D115F6C573EA}.Debug|Any CPU.ActiveCfg = Debug|Any CPU
		{955D8762-0EB2-4DD2-AFB7-D115F6C573EA}.Debug|Any CPU.Build.0 = Debug|Any CPU
		{955D8762-0EB2-4DD2-AFB7-D115F6C573EA}.Debug|x64.ActiveCfg = Debug|Any CPU
		{955D8762-0EB2-4DD2-AFB7-D115F6C573EA}.Debug|x64.Build.0 = Debug|Any CPU
		{955D8762-0EB2-4DD2-AFB7-D115F6C573EA}.Debug|x86.ActiveCfg = Debug|Any CPU
		{955D8762-0EB2-4DD2-AFB7-D115F6C573EA}.Debug|x86.Build.0 = Debug|Any CPU
		{955D8762-0EB2-4DD2-AFB7-D115F6C573EA}.Release|Any CPU.ActiveCfg = Release|Any CPU
		{955D8762-0EB2-4DD2-AFB7-D115F6C573EA}.Release|Any CPU.Build.0 = Release|Any CPU
		{955D8762-0EB2-4DD2-AFB7-D115F6C573EA}.Release|x64.ActiveCfg = Release|Any CPU
		{955D8762-0EB2-4DD2-AFB7-D115F6C573EA}.Release|x64.Build.0 = Release|Any CPU
		{955D8762-0EB2-4DD2-AFB7-D115F6C573EA}.Release|x86.ActiveCfg = Release|Any CPU
		{955D8762-0EB2-4DD2-AFB7-D115F6C573EA}.Release|x86.Build.0 = Release|Any CPU
		{BC33C8C4-4961-4A97-A229-F67761AAAD66}.Debug|Any CPU.ActiveCfg = Debug|Any CPU
		{BC33C8C4-4961-4A97-A229-F67761AAAD66}.Debug|Any CPU.Build.0 = Debug|Any CPU
		{BC33C8C4-4961-4A97-A229-F67761AAAD66}.Debug|x64.ActiveCfg = Debug|Any CPU
		{BC33C8C4-4961-4A97-A229-F67761AAAD66}.Debug|x64.Build.0 = Debug|Any CPU
		{BC33C8C4-4961-4A97-A229-F67761AAAD66}.Debug|x86.ActiveCfg = Debug|Any CPU
		{BC33C8C4-4961-4A97-A229-F67761AAAD66}.Debug|x86.Build.0 = Debug|Any CPU
		{BC33C8C4-4961-4A97-A229-F67761AAAD66}.Release|Any CPU.ActiveCfg = Release|Any CPU
		{BC33C8C4-4961-4A97-A229-F67761AAAD66}.Release|Any CPU.Build.0 = Release|Any CPU
		{BC33C8C4-4961-4A97-A229-F67761AAAD66}.Release|x64.ActiveCfg = Release|Any CPU
		{BC33C8C4-4961-4A97-A229-F67761AAAD66}.Release|x64.Build.0 = Release|Any CPU
		{BC33C8C4-4961-4A97-A229-F67761AAAD66}.Release|x86.ActiveCfg = Release|Any CPU
		{BC33C8C4-4961-4A97-A229-F67761AAAD66}.Release|x86.Build.0 = Release|Any CPU
	EndGlobalSection
	GlobalSection(SolutionProperties) = preSolution
		HideSolutionNode = FALSE
	EndGlobalSection
	GlobalSection(ExtensibilityGlobals) = postSolution
		SolutionGuid = {87D384EF-BC1D-44A7-B549-0BA6C999D405}
	EndGlobalSection
EndGlobal
